<?xml version="1.0" encoding="UTF-8" standalone="yes" ?>
<CodeBlocks_project_file>
	<FileVersion major="1" minor="6" />
	<Project>
		<Option title="MTH300New" />
		<Option pch_mode="2" />
		<Option compiler="gcc" />
		<Build>
			<Target title="Debug">
				<Option output="bin/Debug/MTH300New" prefix_auto="1" extension_auto="1" />
				<Option object_output="obj/Debug/" />
				<Option type="1" />
				<Option compiler="gcc" />
				<Compiler>
					<Add option="-g" />
				</Compiler>
			</Target>
			<Target title="Release">
				<Option output="bin/Release/MTH300New" prefix_auto="1" extension_auto="1" />
				<Option object_output="obj/Release/" />
				<Option type="1" />
				<Option compiler="gcc" />
				<Compiler>
					<Add option="-O2" />
				</Compiler>
				<Linker>
					<Add option="-s" />
				</Linker>
			</Target>
		</Build>
		<Compiler>
			<Add option="-Wall" />
		</Compiler>
		<Unit filename="Cholesky.h">
			<Option target="&lt;{~None~}&gt;" />
		</Unit>
		<Unit filename="VECTEUR">
			<Option target="&lt;{~None~}&gt;" />
		</Unit>
		<Unit filename="VECTEUR.h">
			<Option target="&lt;{~None~}&gt;" />
		</Unit>
		<Unit filename="factoLU.h">
			<Option target="&lt;{~None~}&gt;" />
		</Unit>
		<Unit filename="factoLU1.h">
			<Option target="&lt;{~None~}&gt;" />
		</Unit>
		<Unit filename="factoUL.h">
			<Option target="&lt;{~None~}&gt;" />
		</Unit>
		<Unit filename="gauss.h">
			<Option target="&lt;{~None~}&gt;" />
		</Unit>
		<Unit filename="gauss1.h">
			<Option target="&lt;{~None~}&gt;" />
		</Unit>
		<Unit filename="main.c">
			<Option compilerVar="CC" />
		</Unit>
		<Unit filename="sholesky.h">
			<Option target="&lt;{~None~}&gt;" />
		</Unit>
		<Extensions>
			<code_completion />
			<envvars />
			<debugger />
		</Extensions>
	</Project>
</CodeBlocks_project_file>
